
Microsoft Visual Studio Solution File, Format Version 12.00
# Visual Studio Version 17
VisualStudioVersion = 17.12.35527.113
MinimumVisualStudioVersion = 10.0.40219.1
Project("{FAE04EC0-301F-11D3-BF4B-00C04F79EFBC}") = "KeremProject1backend", "KeremProject1backend\KeremProject1backend.csproj", "{00FDE9B1-7ED5-49B9-BBA4-17AA5A392907}"
EndProject
Project("{FAE04EC0-301F-11D3-BF4B-00C04F79EFBC}") = "KeremProject1backend.Tests", "KeremProject1backend.Tests\KeremProject1backend.Tests.csproj", "{AA34ED6B-1831-47D5-B758-B1294C0A85FA}"
EndProject
Global
	GlobalSection(SolutionConfigurationPlatforms) = preSolution
		Debug|Any CPU = Debug|Any CPU
		Debug|x64 = Debug|x64
		Debug|x86 = Debug|x86
		Release|Any CPU = Release|Any CPU
		Release|x64 = Release|x64
		Release|x86 = Release|x86
	EndGlobalSection
	GlobalSection(ProjectConfigurationPlatforms) = postSolution
		{00FDE9B1-7ED5-49B9-BBA4-17AA5A392907}.Debug|Any CPU.ActiveCfg = Debug|Any CPU
		{00FDE9B1-7ED5-49B9-BBA4-17AA5A392907}.Debug|Any CPU.Build.0 = Debug|Any CPU
		{00FDE9B1-7ED5-49B9-BBA4-17AA5A392907}.Debug|x64.ActiveCfg = Debug|Any CPU
		{00FDE9B1-7ED5-49B9-BBA4-17AA5A392907}.Debug|x64.Build.0 = Debug|Any CPU
		{00FDE9B1-7ED5-49B9-BBA4-17AA5A392907}.Debug|x86.ActiveCfg = Debug|Any CPU
		{00FDE9B1-7ED5-49B9-BBA4-17AA5A392907}.Debug|x86.Build.0 = Debug|Any CPU
		{00FDE9B1-7ED5-49B9-BBA4-17AA5A392907}.Release|Any CPU.ActiveCfg = Release|Any CPU
		{00FDE9B1-7ED5-49B9-BBA4-17AA5A392907}.Release|Any CPU.Build.0 = Release|Any CPU
		{00FDE9B1-7ED5-49B9-BBA4-17AA5A392907}.Release|x64.ActiveCfg = Release|Any CPU
		{00FDE9B1-7ED5-49B9-BBA4-17AA5A392907}.Release|x64.Build.0 = Release|Any CPU
		{00FDE9B1-7ED5-49B9-BBA4-17AA5A392907}.Release|x86.ActiveCfg = Release|Any CPU
		{00FDE9B1-7ED5-49B9-BBA4-17AA5A392907}.Release|x86.Build.0 = Release|Any CPU
		{AA34ED6B-1831-47D5-B758-B1294C0A85FA}.Debug|Any CPU.ActiveCfg = Debug|Any CPU
		{AA34ED6B-1831-47D5-B758-B1294C0A85FA}.Debug|Any CPU.Build.0 = Debug|Any CPU
		{AA34ED6B-1831-47D5-B758-B1294C0A85FA}.Debug|x64.ActiveCfg = Debug|Any CPU
		{AA34ED6B-1831-47D5-B758-B1294C0A85FA}.Debug|x64.Build.0 = Debug|Any CPU
		{AA34ED6B-1831-47D5-B758-B1294C0A85FA}.Debug|x86.ActiveCfg = Debug|Any CPU
		{AA34ED6B-1831-47D5-B758-B1294C0A85FA}.Debug|x86.Build.0 = Debug|Any CPU
		{AA34ED6B-1831-47D5-B758-B1294C0A85FA}.Release|Any CPU.ActiveCfg = Release|Any CPU
		{AA34ED6B-1831-47D5-B758-B1294C0A85FA}.Release|Any CPU.Build.0 = Release|Any CPU
		{AA34ED6B-1831-47D5-B758-B1294C0A85FA}.Release|x64.ActiveCfg = Release|Any CPU
		{AA34ED6B-1831-47D5-B758-B1294C0A85FA}.Release|x64.Build.0 = Release|Any CPU
		{AA34ED6B-1831-47D5-B758-B1294C0A85FA}.Release|x86.ActiveCfg = Release|Any CPU
		{AA34ED6B-1831-47D5-B758-B1294C0A85FA}.Release|x86.Build.0 = Release|Any CPU
	EndGlobalSection
	GlobalSection(SolutionProperties) = preSolution
		HideSolutionNode = FALSE
	EndGlobalSection
EndGlobal
